// !$*UTF8*$!
{
	archiveVersion = 1;
	classes = {
	};
	objectVersion = 46;
	objects = {

/* Begin PBXBuildFile section */
		54465EE5DEDACCE40ED35C36 /* libPods-LifeBEAM.a in Frameworks */ = {isa = PBXBuildFile; fileRef = 6257AD00657DC03D9387F92F /* libPods-LifeBEAM.a */; };
		7AD58DC31DBFC9E500AE4F60 /* main.m in Sources */ = {isa = PBXBuildFile; fileRef = 7AD58DC21DBFC9E500AE4F60 /* main.m */; };
		7AD58DC61DBFC9E500AE4F60 /* AppDelegate.m in Sources */ = {isa = PBXBuildFile; fileRef = 7AD58DC51DBFC9E500AE4F60 /* AppDelegate.m */; };
		7AD58DCC1DBFC9E500AE4F60 /* Main.storyboard in Resources */ = {isa = PBXBuildFile; fileRef = 7AD58DCA1DBFC9E500AE4F60 /* Main.storyboard */; };
		7AD58DCE1DBFC9E500AE4F60 /* Assets.xcassets in Resources */ = {isa = PBXBuildFile; fileRef = 7AD58DCD1DBFC9E500AE4F60 /* Assets.xcassets */; };
		7AD58DD11DBFC9E500AE4F60 /* LaunchScreen.storyboard in Resources */ = {isa = PBXBuildFile; fileRef = 7AD58DCF1DBFC9E500AE4F60 /* LaunchScreen.storyboard */; };
		7AD58DDA1DBFCA1100AE4F60 /* MovieFinderViewController.m in Sources */ = {isa = PBXBuildFile; fileRef = 7AD58DD91DBFCA1100AE4F60 /* MovieFinderViewController.m */; };
		7AD58DDE1DBFCE8E00AE4F60 /* MovieTableViewCell.m in Sources */ = {isa = PBXBuildFile; fileRef = 7AD58DDC1DBFCE8E00AE4F60 /* MovieTableViewCell.m */; };
		7AD58DDF1DBFCE8E00AE4F60 /* MovieTableViewCell.xib in Resources */ = {isa = PBXBuildFile; fileRef = 7AD58DDD1DBFCE8E00AE4F60 /* MovieTableViewCell.xib */; };
		7AD58DE21DBFD95C00AE4F60 /* PopularMovie.m in Sources */ = {isa = PBXBuildFile; fileRef = 7AD58DE11DBFD95C00AE4F60 /* PopularMovie.m */; };
		7AF26CC01DC04125009D5D13 /* MovieDetailTableViewController.m in Sources */ = {isa = PBXBuildFile; fileRef = 7AF26CBF1DC04125009D5D13 /* MovieDetailTableViewController.m */; };
		7AF26CC51DC04193009D5D13 /* MovieDetailTableViewCell.m in Sources */ = {isa = PBXBuildFile; fileRef = 7AF26CC31DC04193009D5D13 /* MovieDetailTableViewCell.m */; };
		7AF26CC61DC04193009D5D13 /* MovieDetailTableViewCell.xib in Resources */ = {isa = PBXBuildFile; fileRef = 7AF26CC41DC04193009D5D13 /* MovieDetailTableViewCell.xib */; };
		7AF26CCA1DC04A27009D5D13 /* Cast.m in Sources */ = {isa = PBXBuildFile; fileRef = 7AF26CC91DC04A27009D5D13 /* Cast.m */; };
/* End PBXBuildFile section */

/* Begin PBXFileReference section */
		6257AD00657DC03D9387F92F /* libPods-LifeBEAM.a */ = {isa = PBXFileReference; explicitFileType = archive.ar; includeInIndex = 0; path = "libPods-LifeBEAM.a"; sourceTree = BUILT_PRODUCTS_DIR; };
		7AD58DBE1DBFC9E500AE4F60 /* LifeBEAM.app */ = {isa = PBXFileReference; explicitFileType = wrapper.application; includeInIndex = 0; path = LifeBEAM.app; sourceTree = BUILT_PRODUCTS_DIR; };
		7AD58DC21DBFC9E500AE4F60 /* main.m */ = {isa = PBXFileReference; lastKnownFileType = sourcecode.c.objc; path = main.m; sourceTree = "<group>"; };
		7AD58DC41DBFC9E500AE4F60 /* AppDelegate.h */ = {isa = PBXFileReference; lastKnownFileType = sourcecode.c.h; path = AppDelegate.h; sourceTree = "<group>"; };
		7AD58DC51DBFC9E500AE4F60 /* AppDelegate.m */ = {isa = PBXFileReference; lastKnownFileType = sourcecode.c.objc; path = AppDelegate.m; sourceTree = "<group>"; };
		7AD58DCB1DBFC9E500AE4F60 /* Base */ = {isa = PBXFileReference; lastKnownFileType = file.storyboard; name = Base; path = Base.lproj/Main.storyboard; sourceTree = "<group>"; };
		7AD58DCD1DBFC9E500AE4F60 /* Assets.xcassets */ = {isa = PBXFileReference; lastKnownFileType = folder.assetcatalog; path = Assets.xcassets; sourceTree = "<group>"; };
		7AD58DD01DBFC9E500AE4F60 /* Base */ = {isa = PBXFileReference; lastKnownFileType = file.storyboard; name = Base; path = Base.lproj/LaunchScreen.storyboard; sourceTree = "<group>"; };
		7AD58DD21DBFC9E500AE4F60 /* Info.plist */ = {isa = PBXFileReference; lastKnownFileType = text.plist.xml; path = Info.plist; sourceTree = "<group>"; };
		7AD58DD81DBFCA1100AE4F60 /* MovieFinderViewController.h */ = {isa = PBXFileReference; fileEncoding = 4; lastKnownFileType = sourcecode.c.h; path = MovieFinderViewController.h; sourceTree = "<group>"; };
		7AD58DD91DBFCA1100AE4F60 /* MovieFinderViewController.m */ = {isa = PBXFileReference; fileEncoding = 4; lastKnownFileType = sourcecode.c.objc; path = MovieFinderViewController.m; sourceTree = "<group>"; };
		7AD58DDB1DBFCE8E00AE4F60 /* MovieTableViewCell.h */ = {isa = PBXFileReference; fileEncoding = 4; lastKnownFileType = sourcecode.c.h; path = MovieTableViewCell.h; sourceTree = "<group>"; };
		7AD58DDC1DBFCE8E00AE4F60 /* MovieTableViewCell.m */ = {isa = PBXFileReference; fileEncoding = 4; lastKnownFileType = sourcecode.c.objc; path = MovieTableViewCell.m; sourceTree = "<group>"; };
		7AD58DDD1DBFCE8E00AE4F60 /* MovieTableViewCell.xib */ = {isa = PBXFileReference; fileEncoding = 4; lastKnownFileType = file.xib; path = MovieTableViewCell.xib; sourceTree = "<group>"; };
		7AD58DE01DBFD95C00AE4F60 /* PopularMovie.h */ = {isa = PBXFileReference; fileEncoding = 4; lastKnownFileType = sourcecode.c.h; path = PopularMovie.h; sourceTree = "<group>"; };
		7AD58DE11DBFD95C00AE4F60 /* PopularMovie.m */ = {isa = PBXFileReference; fileEncoding = 4; lastKnownFileType = sourcecode.c.objc; path = PopularMovie.m; sourceTree = "<group>"; };
		7AF26CBE1DC04125009D5D13 /* MovieDetailTableViewController.h */ = {isa = PBXFileReference; fileEncoding = 4; lastKnownFileType = sourcecode.c.h; path = MovieDetailTableViewController.h; sourceTree = "<group>"; };
		7AF26CBF1DC04125009D5D13 /* MovieDetailTableViewController.m */ = {isa = PBXFileReference; fileEncoding = 4; lastKnownFileType = sourcecode.c.objc; path = MovieDetailTableViewController.m; sourceTree = "<group>"; };
		7AF26CC21DC04193009D5D13 /* MovieDetailTableViewCell.h */ = {isa = PBXFileReference; fileEncoding = 4; lastKnownFileType = sourcecode.c.h; path = MovieDetailTableViewCell.h; sourceTree = "<group>"; };
		7AF26CC31DC04193009D5D13 /* MovieDetailTableViewCell.m */ = {isa = PBXFileReference; fileEncoding = 4; lastKnownFileType = sourcecode.c.objc; path = MovieDetailTableViewCell.m; sourceTree = "<group>"; };
		7AF26CC41DC04193009D5D13 /* MovieDetailTableViewCell.xib */ = {isa = PBXFileReference; fileEncoding = 4; lastKnownFileType = file.xib; path = MovieDetailTableViewCell.xib; sourceTree = "<group>"; };
		7AF26CC81DC04A27009D5D13 /* Cast.h */ = {isa = PBXFileReference; fileEncoding = 4; lastKnownFileType = sourcecode.c.h; path = Cast.h; sourceTree = "<group>"; };
		7AF26CC91DC04A27009D5D13 /* Cast.m */ = {isa = PBXFileReference; fileEncoding = 4; lastKnownFileType = sourcecode.c.objc; path = Cast.m; sourceTree = "<group>"; };
		86162C8778AEF3E1AED00FAD /* Pods-LifeBEAM.release.xcconfig */ = {isa = PBXFileReference; includeInIndex = 1; lastKnownFileType = text.xcconfig; name = "Pods-LifeBEAM.release.xcconfig"; path = "Pods/Target Support Files/Pods-LifeBEAM/Pods-LifeBEAM.release.xcconfig"; sourceTree = "<group>"; };
		B52D117013E28BE8607CF2FF /* Pods-LifeBEAM.debug.xcconfig */ = {isa = PBXFileReference; includeInIndex = 1; lastKnownFileType = text.xcconfig; name = "Pods-LifeBEAM.debug.xcconfig"; path = "Pods/Target Support Files/Pods-LifeBEAM/Pods-LifeBEAM.debug.xcconfig"; sourceTree = "<group>"; };
/* End PBXFileReference section */

/* Begin PBXFrameworksBuildPhase section */
		7AD58DBB1DBFC9E500AE4F60 /* Frameworks */ = {
			isa = PBXFrameworksBuildPhase;
			buildActionMask = 2147483647;
			files = (
				54465EE5DEDACCE40ED35C36 /* libPods-LifeBEAM.a in Frameworks */,
			);
			runOnlyForDeploymentPostprocessing = 0;
		};
/* End PBXFrameworksBuildPhase section */

/* Begin PBXGroup section */
		19EFABD861B39744034A9F4A /* Pods */ = {
			isa = PBXGroup;
			children = (
				B52D117013E28BE8607CF2FF /* Pods-LifeBEAM.debug.xcconfig */,
				86162C8778AEF3E1AED00FAD /* Pods-LifeBEAM.release.xcconfig */,
			);
			name = Pods;
			sourceTree = "<group>";
		};
		7AD58DB51DBFC9E500AE4F60 = {
			isa = PBXGroup;
			children = (
				7AD58DC01DBFC9E500AE4F60 /* LifeBEAM */,
				7AD58DBF1DBFC9E500AE4F60 /* Products */,
				19EFABD861B39744034A9F4A /* Pods */,
				7CEC53287A2C0D8E9F40B360 /* Frameworks */,
			);
			sourceTree = "<group>";
		};
		7AD58DBF1DBFC9E500AE4F60 /* Products */ = {
			isa = PBXGroup;
			children = (
				7AD58DBE1DBFC9E500AE4F60 /* LifeBEAM.app */,
			);
			name = Products;
			sourceTree = "<group>";
		};
		7AD58DC01DBFC9E500AE4F60 /* LifeBEAM */ = {
			isa = PBXGroup;
			children = (
				7AD58DC41DBFC9E500AE4F60 /* AppDelegate.h */,
				7AD58DC51DBFC9E500AE4F60 /* AppDelegate.m */,
				7AD58DCA1DBFC9E500AE4F60 /* Main.storyboard */,
				7AD58DD81DBFCA1100AE4F60 /* MovieFinderViewController.h */,
				7AD58DD91DBFCA1100AE4F60 /* MovieFinderViewController.m */,
				7AF26CBE1DC04125009D5D13 /* MovieDetailTableViewController.h */,
				7AF26CBF1DC04125009D5D13 /* MovieDetailTableViewController.m */,
				7AF26CC11DC0412E009D5D13 /* Table View Cells */,
				7AF26CC71DC04A02009D5D13 /* Models */,
				7AD58DCD1DBFC9E500AE4F60 /* Assets.xcassets */,
				7AD58DCF1DBFC9E500AE4F60 /* LaunchScreen.storyboard */,
				7AD58DD21DBFC9E500AE4F60 /* Info.plist */,
				7AD58DC11DBFC9E500AE4F60 /* Supporting Files */,
			);
			path = LifeBEAM;
			sourceTree = "<group>";
		};
		7AD58DC11DBFC9E500AE4F60 /* Supporting Files */ = {
			isa = PBXGroup;
			children = (
				7AD58DC21DBFC9E500AE4F60 /* main.m */,
			);
			name = "Supporting Files";
			sourceTree = "<group>";
		};
		7AF26CC11DC0412E009D5D13 /* Table View Cells */ = {
			isa = PBXGroup;
			children = (
				7AD58DDB1DBFCE8E00AE4F60 /* MovieTableViewCell.h */,
				7AD58DDC1DBFCE8E00AE4F60 /* MovieTableViewCell.m */,
				7AD58DDD1DBFCE8E00AE4F60 /* MovieTableViewCell.xib */,
				7AF26CC21DC04193009D5D13 /* MovieDetailTableViewCell.h */,
				7AF26CC31DC04193009D5D13 /* MovieDetailTableViewCell.m */,
				7AF26CC41DC04193009D5D13 /* MovieDetailTableViewCell.xib */,
			);
			name = "Table View Cells";
			sourceTree = "<group>";
		};
		7AF26CC71DC04A02009D5D13 /* Models */ = {
			isa = PBXGroup;
			children = (
				7AD58DE01DBFD95C00AE4F60 /* PopularMovie.h */,
				7AD58DE11DBFD95C00AE4F60 /* PopularMovie.m */,
				7AF26CC81DC04A27009D5D13 /* Cast.h */,
				7AF26CC91DC04A27009D5D13 /* Cast.m */,
			);
			name = Models;
			sourceTree = "<group>";
		};
		7CEC53287A2C0D8E9F40B360 /* Frameworks */ = {
			isa = PBXGroup;
			children = (
				6257AD00657DC03D9387F92F /* libPods-LifeBEAM.a */,
			);
			name = Frameworks;
			sourceTree = "<group>";
		};
/* End PBXGroup section */

/* Begin PBXNativeTarget section */
		7AD58DBD1DBFC9E500AE4F60 /* LifeBEAM */ = {
			isa = PBXNativeTarget;
			buildConfigurationList = 7AD58DD51DBFC9E500AE4F60 /* Build configuration list for PBXNativeTarget "LifeBEAM" */;
			buildPhases = (
				C06DDEDC3F00A0ADE3D68114 /* [CP] Check Pods Manifest.lock */,
				7AD58DBA1DBFC9E500AE4F60 /* Sources */,
				7AD58DBB1DBFC9E500AE4F60 /* Frameworks */,
				7AD58DBC1DBFC9E500AE4F60 /* Resources */,
				69DC9E2F8530157B40CB65FE /* [CP] Embed Pods Frameworks */,
				292AB4476A0A8B5163D4D27F /* [CP] Copy Pods Resources */,
			);
			buildRules = (
			);
			dependencies = (
			);
			name = LifeBEAM;
			productName = LifeBEAM;
			productReference = 7AD58DBE1DBFC9E500AE4F60 /* LifeBEAM.app */;
			productType = "com.apple.product-type.application";
		};
/* End PBXNativeTarget section */

/* Begin PBXProject section */
		7AD58DB61DBFC9E500AE4F60 /* Project object */ = {
			isa = PBXProject;
			attributes = {
				LastUpgradeCheck = 0800;
				ORGANIZATIONNAME = "Corey Zanotti";
				TargetAttributes = {
					7AD58DBD1DBFC9E500AE4F60 = {
						CreatedOnToolsVersion = 8.0;
						DevelopmentTeam = PND8ZPJHLJ;
						ProvisioningStyle = Automatic;
					};
				};
			};
			buildConfigurationList = 7AD58DB91DBFC9E500AE4F60 /* Build configuration list for PBXProject "LifeBEAM" */;
			compatibilityVersion = "Xcode 3.2";
			developmentRegion = English;
			hasScannedForEncodings = 0;
			knownRegions = (
				en,
				Base,
			);
			mainGroup = 7AD58DB51DBFC9E500AE4F60;
			productRefGroup = 7AD58DBF1DBFC9E500AE4F60 /* Products */;
			projectDirPath = "";
			projectRoot = "";
			targets = (
				7AD58DBD1DBFC9E500AE4F60 /* LifeBEAM */,
			);
		};
/* End PBXProject section */

/* Begin PBXResourcesBuildPhase section */
		7AD58DBC1DBFC9E500AE4F60 /* Resources */ = {
			isa = PBXResourcesBuildPhase;
			buildActionMask = 2147483647;
			files = (
				7AD58DD11DBFC9E500AE4F60 /* LaunchScreen.storyboard in Resources */,
				7AF26CC61DC04193009D5D13 /* MovieDetailTableViewCell.xib in Resources */,
				7AD58DCE1DBFC9E500AE4F60 /* Assets.xcassets in Resources */,
				7AD58DDF1DBFCE8E00AE4F60 /* MovieTableViewCell.xib in Resources */,
				7AD58DCC1DBFC9E500AE4F60 /* Main.storyboard in Resources */,
			);
			runOnlyForDeploymentPostprocessing = 0;
		};
/* End PBXResourcesBuildPhase section */

/* Begin PBXShellScriptBuildPhase section */
		292AB4476A0A8B5163D4D27F /* [CP] Copy Pods Resources */ = {
			isa = PBXShellScriptBuildPhase;
			buildActionMask = 2147483647;
			files = (
			);
			inputPaths = (
			);
			name = "[CP] Copy Pods Resources";
			outputPaths = (
			);
			runOnlyForDeploymentPostprocessing = 0;
			shellPath = /bin/sh;
			shellScript = "\"${SRCROOT}/Pods/Target Support Files/Pods-LifeBEAM/Pods-LifeBEAM-resources.sh\"\n";
			showEnvVarsInLog = 0;
		};
		69DC9E2F8530157B40CB65FE /* [CP] Embed Pods Frameworks */ = {
			isa = PBXShellScriptBuildPhase;
			buildActionMask = 2147483647;
			files = (
			);
			inputPaths = (
			);
			name = "[CP] Embed Pods Frameworks";
			outputPaths = (
			);
			runOnlyForDeploymentPostprocessing = 0;
			shellPath = /bin/sh;
			shellScript = "\"${SRCROOT}/Pods/Target Support Files/Pods-LifeBEAM/Pods-LifeBEAM-frameworks.sh\"\n";
			showEnvVarsInLog = 0;
		};
		C06DDEDC3F00A0ADE3D68114 /* [CP] Check Pods Manifest.lock */ = {
			isa = PBXShellScriptBuildPhase;
			buildActionMask = 2147483647;
			files = (
			);
			inputPaths = (
			);
			name = "[CP] Check Pods Manifest.lock";
			outputPaths = (
			);
			runOnlyForDeploymentPostprocessing = 0;
			shellPath = /bin/sh;
			shellScript = "diff \"${PODS_ROOT}/../Podfile.lock\" \"${PODS_ROOT}/Manifest.lock\" > /dev/null\nif [[ $? != 0 ]] ; then\n    cat << EOM\nerror: The sandbox is not in sync with the Podfile.lock. Run 'pod install' or update your CocoaPods installation.\nEOM\n    exit 1\nfi\n";
			showEnvVarsInLog = 0;
		};
/* End PBXShellScriptBuildPhase section */

/* Begin PBXSourcesBuildPhase section */
		7AD58DBA1DBFC9E500AE4F60 /* Sources */ = {
			isa = PBXSourcesBuildPhase;
			buildActionMask = 2147483647;
			files = (
				7AD58DC61DBFC9E500AE4F60 /* AppDelegate.m in Sources */,
				7AD58DDA1DBFCA1100AE4F60 /* MovieFinderViewController.m in Sources */,
				7AF26CC01DC04125009D5D13 /* MovieDetailTableViewController.m in Sources */,
				7AF26CC51DC04193009D5D13 /* MovieDetailTableViewCell.m in Sources */,
				7AF26CCA1DC04A27009D5D13 /* Cast.m in Sources */,
				7AD58DE21DBFD95C00AE4F60 /* PopularMovie.m in Sources */,
				7AD58DDE1DBFCE8E00AE4F60 /* MovieTableViewCell.m in Sources */,
				7AD58DC31DBFC9E500AE4F60 /* main.m in Sources */,
			);
			runOnlyForDeploymentPostprocessing = 0;
		};
/* End PBXSourcesBuildPhase section */

/* Begin PBXVariantGroup section */
		7AD58DCA1DBFC9E500AE4F60 /* Main.storyboard */ = {
			isa = PBXVariantGroup;
			children = (
				7AD58DCB1DBFC9E500AE4F60 /* Base */,
			);
			name = Main.storyboard;
			sourceTree = "<group>";
		};
		7AD58DCF1DBFC9E500AE4F60 /* LaunchScreen.storyboard */ = {
			isa = PBXVariantGroup;
			children = (
				7AD58DD01DBFC9E500AE4F60 /* Base */,
			);
			name = LaunchScreen.storyboard;
			sourceTree = "<group>";
		};
/* End PBXVariantGroup section */

/* Begin XCBuildConfiguration section */
		7AD58DD31DBFC9E500AE4F60 /* Debug */ = {
			isa = XCBuildConfiguration;
			buildSettings = {
				ALWAYS_SEARCH_USER_PATHS = NO;
				CLANG_ANALYZER_NONNULL = YES;
				CLANG_CXX_LANGUAGE_STANDARD = "gnu++0x";
				CLANG_CXX_LIBRARY = "libc++";
				CLANG_ENABLE_MODULES = YES;
				CLANG_ENABLE_OBJC_ARC = YES;
				CLANG_WARN_BOOL_CONVERSION = YES;
				CLANG_WARN_CONSTANT_CONVERSION = YES;
				CLANG_WARN_DIRECT_OBJC_ISA_USAGE = YES_ERROR;
				CLANG_WARN_DOCUMENTATION_COMMENTS = YES;
				CLANG_WARN_EMPTY_BODY = YES;
				CLANG_WARN_ENUM_CONVERSION = YES;
				CLANG_WARN_INFINITE_RECURSION = YES;
				CLANG_WARN_INT_CONVERSION = YES;
				CLANG_WARN_OBJC_ROOT_CLASS = YES_ERROR;
				CLANG_WARN_SUSPICIOUS_MOVES = YES;
				CLANG_WARN_UNREACHABLE_CODE = YES;
				CLANG_WARN__DUPLICATE_METHOD_MATCH = YES;
				"CODE_SIGN_IDENTITY[sdk=iphoneos*]" = "iPhone Developer";
				COPY_PHASE_STRIP = NO;
				DEBUG_INFORMATION_FORMAT = dwarf;
				ENABLE_STRICT_OBJC_MSGSEND = YES;
				ENABLE_TESTABILITY = YES;
				GCC_C_LANGUAGE_STANDARD = gnu99;
				GCC_DYNAMIC_NO_PIC = NO;
				GCC_NO_COMMON_BLOCKS = YES;
				GCC_OPTIMIZATION_LEVEL = 0;
				GCC_PREPROCESSOR_DEFINITIONS = (
					"DEBUG=1",
					"$(inherited)",
				);
				GCC_WARN_64_TO_32_BIT_CONVERSION = YES;
				GCC_WARN_ABOUT_RETURN_TYPE = YES_ERROR;
				GCC_WARN_UNDECLARED_SELECTOR = YES;
				GCC_WARN_UNINITIALIZED_AUTOS = YES_AGGRESSIVE;
				GCC_WARN_UNUSED_FUNCTION = YES;
				GCC_WARN_UNUSED_VARIABLE = YES;
				IPHONEOS_DEPLOYMENT_TARGET = 10.0;
				MTL_ENABLE_DEBUG_INFO = YES;
				ONLY_ACTIVE_ARCH = YES;
				SDKROOT = iphoneos;
			};
			name = Debug;
		};
		7AD58DD41DBFC9E500AE4F60 /* Release */ = {
			isa = XCBuildConfiguration;
			buildSettings = {
				ALWAYS_SEARCH_USER_PATHS = NO;
				CLANG_ANALYZER_NONNULL = YES;
				CLANG_CXX_LANGUAGE_STANDARD = "gnu++0x";
				CLANG_CXX_LIBRARY = "libc++";
				CLANG_ENABLE_MODULES = YES;
				CLANG_ENABLE_OBJC_ARC = YES;
				CLANG_WARN_BOOL_CONVERSION = YES;
				CLANG_WARN_CONSTANT_CONVERSION = YES;
				CLANG_WARN_DIRECT_OBJC_ISA_USAGE = YES_ERROR;
				CLANG_WARN_DOCUMENTATION_COMMENTS = YES;
				CLANG_WARN_EMPTY_BODY = YES;
				CLANG_WARN_ENUM_CONVERSION = YES;
				CLANG_WARN_INFINITE_RECURSION = YES;
				CLANG_WARN_INT_CONVERSION = YES;
				CLANG_WARN_OBJC_ROOT_CLASS = YES_ERROR;
				CLANG_WARN_SUSPICIOUS_MOVES = YES;
				CLANG_WARN_UNREACHABLE_CODE = YES;
				CLANG_WARN__DUPLICATE_METHOD_MATCH = YES;
				"CODE_SIGN_IDENTITY[sdk=iphoneos*]" = "iPhone Developer";
				COPY_PHASE_STRIP = NO;
				DEBUG_INFORMATION_FORMAT = "dwarf-with-dsym";
				ENABLE_NS_ASSERTIONS = NO;
				ENABLE_STRICT_OBJC_MSGSEND = YES;
				GCC_C_LANGUAGE_STANDARD = gnu99;
				GCC_NO_COMMON_BLOCKS = YES;
				GCC_WARN_64_TO_32_BIT_CONVERSION = YES;
				GCC_WARN_ABOUT_RETURN_TYPE = YES_ERROR;
				GCC_WARN_UNDECLARED_SELECTOR = YES;
				GCC_WARN_UNINITIALIZED_AUTOS = YES_AGGRESSIVE;
				GCC_WARN_UNUSED_FUNCTION = YES;
				GCC_WARN_UNUSED_VARIABLE = YES;
				IPHONEOS_DEPLOYMENT_TARGET = 10.0;
				MTL_ENABLE_DEBUG_INFO = NO;
				SDKROOT = iphoneos;
				VALIDATE_PRODUCT = YES;
			};
			name = Release;
		};
		7AD58DD61DBFC9E500AE4F60 /* Debug */ = {
			isa = XCBuildConfiguration;
			baseConfigurationReference = B52D117013E28BE8607CF2FF /* Pods-LifeBEAM.debug.xcconfig */;
			buildSettings = {
				ASSETCATALOG_COMPILER_APPICON_NAME = AppIcon;
				DEVELOPMENT_TEAM = PND8ZPJHLJ;
				INFOPLIST_FILE = LifeBEAM/Info.plist;
				LD_RUNPATH_SEARCH_PATHS = "$(inherited) @executable_path/Frameworks";
				PRODUCT_BUNDLE_IDENTIFIER = coreyTheDev.LifeBEAM;
				PRODUCT_NAME = "$(TARGET_NAME)";
			};
			name = Debug;
		};
		7AD58DD71DBFC9E500AE4F60 /* Release */ = {
			isa = XCBuildConfiguration;
			baseConfigurationReference = 86162C8778AEF3E1AED00FAD /* Pods-LifeBEAM.release.xcconfig */;
			buildSettings = {
				ASSETCATALOG_COMPILER_APPICON_NAME = AppIcon;
				DEVELOPMENT_TEAM = PND8ZPJHLJ;
				INFOPLIST_FILE = LifeBEAM/Info.plist;
				LD_RUNPATH_SEARCH_PATHS = "$(inherited) @executable_path/Frameworks";
				PRODUCT_BUNDLE_IDENTIFIER = coreyTheDev.LifeBEAM;
				PRODUCT_NAME = "$(TARGET_NAME)";
			};
			name = Release;
		};
/* End XCBuildConfiguration section */

/* Begin XCConfigurationList section */
		7AD58DB91DBFC9E500AE4F60 /* Build configuration list for PBXProject "LifeBEAM" */ = {
			isa = XCConfigurationList;
			buildConfigurations = (
				7AD58DD31DBFC9E500AE4F60 /* Debug */,
				7AD58DD41DBFC9E500AE4F60 /* Release */,
			);
			defaultConfigurationIsVisible = 0;
			defaultConfigurationName = Release;
		};
		7AD58DD51DBFC9E500AE4F60 /* Build configuration list for PBXNativeTarget "LifeBEAM" */ = {
			isa = XCConfigurationList;
			buildConfigurations = (
				7AD58DD61DBFC9E500AE4F60 /* Debug */,
				7AD58DD71DBFC9E500AE4F60 /* Release */,
			);
			defaultConfigurationIsVisible = 0;
			defaultConfigurationName = Release;
		};
/* End XCConfigurationList section */
	};
	rootObject = 7AD58DB61DBFC9E500AE4F60 /* Project object */;
}
